
Microsoft Visual Studio Solution File, Format Version 12.00
# Visual Studio Version 16
VisualStudioVersion = 16.0.29728.190
MinimumVisualStudioVersion = 10.0.40219.1
Project("{9A19103F-16F7-4668-BE54-9A1E7A4F7556}") = "Product.Api", "src\Product.Api\Product.Api.csproj", "{995B06DB-0924-4B7D-9D0F-CF6C098F3915}"
EndProject
Project("{2150E333-8FDC-42A3-9474-1A3956D46DE8}") = "src", "src", "{B6300736-1183-470F-B1C8-BD2C48E3AEEA}"
EndProject
Project("{2150E333-8FDC-42A3-9474-1A3956D46DE8}") = "test", "test", "{C7EA3D2F-4671-4A8C-A38C-B3CD723C4BA5}"
EndProject
Global
	GlobalSection(SolutionConfigurationPlatforms) = preSolution
		Debug|Any CPU = Debug|Any CPU
		Release|Any CPU = Release|Any CPU
	EndGlobalSection
	GlobalSection(ProjectConfigurationPlatforms) = postSolution
		{995B06DB-0924-4B7D-9D0F-CF6C098F3915}.Debug|Any CPU.ActiveCfg = Debug|Any CPU
		{995B06DB-0924-4B7D-9D0F-CF6C098F3915}.Debug|Any CPU.Build.0 = Debug|Any CPU
		{995B06DB-0924-4B7D-9D0F-CF6C098F3915}.Release|Any CPU.ActiveCfg = Release|Any CPU
		{995B06DB-0924-4B7D-9D0F-CF6C098F3915}.Release|Any CPU.Build.0 = Release|Any CPU
	EndGlobalSection
	GlobalSection(SolutionProperties) = preSolution
		HideSolutionNode = FALSE
	EndGlobalSection
	GlobalSection(NestedProjects) = preSolution
		{995B06DB-0924-4B7D-9D0F-CF6C098F3915} = {B6300736-1183-470F-B1C8-BD2C48E3AEEA}
	EndGlobalSection
	GlobalSection(ExtensibilityGlobals) = postSolution
		SolutionGuid = {F7AAE5C7-0556-4534-A7C7-EE1A9BB37A28}
	EndGlobalSection
EndGlobal
