
Microsoft Visual Studio Solution File, Format Version 12.00
# Visual Studio Version 16
VisualStudioVersion = 16.0.29728.190
MinimumVisualStudioVersion = 10.0.40219.1
Project("{9A19103F-16F7-4668-BE54-9A1E7A4F7556}") = "Catalog.Api", "src\Catalog.Api\Catalog.Api.csproj", "{995B06DB-0924-4B7D-9D0F-CF6C098F3915}"
EndProject
Project("{2150E333-8FDC-42A3-9474-1A3956D46DE8}") = "src", "src", "{B6300736-1183-470F-B1C8-BD2C48E3AEEA}"
EndProject
Project("{2150E333-8FDC-42A3-9474-1A3956D46DE8}") = "test", "test", "{C7EA3D2F-4671-4A8C-A38C-B3CD723C4BA5}"
EndProject
Project("{9A19103F-16F7-4668-BE54-9A1E7A4F7556}") = "UnitTests", "test\UnitTests\UnitTests.csproj", "{204D25DC-9919-4FD7-9D44-E3626DC1E733}"
EndProject
Project("{9A19103F-16F7-4668-BE54-9A1E7A4F7556}") = "IntegrationTests", "test\IntegrationTests\IntegrationTests.csproj", "{EE87863B-19AF-4684-AA90-C309DD418E06}"
EndProject
Project("{FAE04EC0-301F-11D3-BF4B-00C04F79EFBC}") = "Catalog.WebClient", "src\Catalog.WebClient\Catalog.WebClient.csproj", "{9BCE85D5-5B84-43B2-A3A5-C39D1E639B2A}"
EndProject
Global
	GlobalSection(SolutionConfigurationPlatforms) = preSolution
		Debug|Any CPU = Debug|Any CPU
		Release|Any CPU = Release|Any CPU
	EndGlobalSection
	GlobalSection(ProjectConfigurationPlatforms) = postSolution
		{995B06DB-0924-4B7D-9D0F-CF6C098F3915}.Debug|Any CPU.ActiveCfg = Debug|Any CPU
		{995B06DB-0924-4B7D-9D0F-CF6C098F3915}.Debug|Any CPU.Build.0 = Debug|Any CPU
		{995B06DB-0924-4B7D-9D0F-CF6C098F3915}.Release|Any CPU.ActiveCfg = Release|Any CPU
		{995B06DB-0924-4B7D-9D0F-CF6C098F3915}.Release|Any CPU.Build.0 = Release|Any CPU
		{204D25DC-9919-4FD7-9D44-E3626DC1E733}.Debug|Any CPU.ActiveCfg = Debug|Any CPU
		{204D25DC-9919-4FD7-9D44-E3626DC1E733}.Debug|Any CPU.Build.0 = Debug|Any CPU
		{204D25DC-9919-4FD7-9D44-E3626DC1E733}.Release|Any CPU.ActiveCfg = Release|Any CPU
		{204D25DC-9919-4FD7-9D44-E3626DC1E733}.Release|Any CPU.Build.0 = Release|Any CPU
		{EE87863B-19AF-4684-AA90-C309DD418E06}.Debug|Any CPU.ActiveCfg = Debug|Any CPU
		{EE87863B-19AF-4684-AA90-C309DD418E06}.Debug|Any CPU.Build.0 = Debug|Any CPU
		{EE87863B-19AF-4684-AA90-C309DD418E06}.Release|Any CPU.ActiveCfg = Release|Any CPU
		{EE87863B-19AF-4684-AA90-C309DD418E06}.Release|Any CPU.Build.0 = Release|Any CPU
		{9BCE85D5-5B84-43B2-A3A5-C39D1E639B2A}.Debug|Any CPU.ActiveCfg = Debug|Any CPU
		{9BCE85D5-5B84-43B2-A3A5-C39D1E639B2A}.Debug|Any CPU.Build.0 = Debug|Any CPU
		{9BCE85D5-5B84-43B2-A3A5-C39D1E639B2A}.Release|Any CPU.ActiveCfg = Release|Any CPU
		{9BCE85D5-5B84-43B2-A3A5-C39D1E639B2A}.Release|Any CPU.Build.0 = Release|Any CPU
	EndGlobalSection
	GlobalSection(SolutionProperties) = preSolution
		HideSolutionNode = FALSE
	EndGlobalSection
	GlobalSection(NestedProjects) = preSolution
		{995B06DB-0924-4B7D-9D0F-CF6C098F3915} = {B6300736-1183-470F-B1C8-BD2C48E3AEEA}
		{204D25DC-9919-4FD7-9D44-E3626DC1E733} = {C7EA3D2F-4671-4A8C-A38C-B3CD723C4BA5}
		{EE87863B-19AF-4684-AA90-C309DD418E06} = {C7EA3D2F-4671-4A8C-A38C-B3CD723C4BA5}
		{9BCE85D5-5B84-43B2-A3A5-C39D1E639B2A} = {B6300736-1183-470F-B1C8-BD2C48E3AEEA}
	EndGlobalSection
	GlobalSection(ExtensibilityGlobals) = postSolution
		SolutionGuid = {F7AAE5C7-0556-4534-A7C7-EE1A9BB37A28}
	EndGlobalSection
EndGlobal
